// !$*UTF8*$!
{
	archiveVersion = 1;
	classes = {
	};
	objectVersion = 46;
	objects = {

/* Begin PBXBuildFile section */
		52C14A241D3B705B006EAAC7 /* AppDelegate.swift in Sources */ = {isa = PBXBuildFile; fileRef = 52C14A231D3B705B006EAAC7 /* AppDelegate.swift */; };
		52C14A261D3B705B006EAAC7 /* ViewController.swift in Sources */ = {isa = PBXBuildFile; fileRef = 52C14A251D3B705B006EAAC7 /* ViewController.swift */; };
		52C14A291D3B705C006EAAC7 /* Main.storyboard in Resources */ = {isa = PBXBuildFile; fileRef = 52C14A271D3B705C006EAAC7 /* Main.storyboard */; };
		52C14A2B1D3B705C006EAAC7 /* Assets.xcassets in Resources */ = {isa = PBXBuildFile; fileRef = 52C14A2A1D3B705C006EAAC7 /* Assets.xcassets */; };
		52C14A2E1D3B705C006EAAC7 /* LaunchScreen.storyboard in Resources */ = {isa = PBXBuildFile; fileRef = 52C14A2C1D3B705C006EAAC7 /* LaunchScreen.storyboard */; };
		52C14A371D3B7086006EAAC7 /* ClassA.swift in Sources */ = {isa = PBXBuildFile; fileRef = 52C14A361D3B7086006EAAC7 /* ClassA.swift */; };
		52C14A391D3B7210006EAAC7 /* ClassB.swift in Sources */ = {isa = PBXBuildFile; fileRef = 52C14A381D3B7210006EAAC7 /* ClassB.swift */; };
/* End PBXBuildFile section */

/* Begin PBXFileReference section */
		52C14A201D3B705B006EAAC7 /* DayTwoDemoTwo.app */ = {isa = PBXFileReference; explicitFileType = wrapper.application; includeInIndex = 0; path = DayTwoDemoTwo.app; sourceTree = BUILT_PRODUCTS_DIR; };
		52C14A231D3B705B006EAAC7 /* AppDelegate.swift */ = {isa = PBXFileReference; lastKnownFileType = sourcecode.swift; path = AppDelegate.swift; sourceTree = "<group>"; };
		52C14A251D3B705B006EAAC7 /* ViewController.swift */ = {isa = PBXFileReference; lastKnownFileType = sourcecode.swift; path = ViewController.swift; sourceTree = "<group>"; };
		52C14A281D3B705C006EAAC7 /* Base */ = {isa = PBXFileReference; lastKnownFileType = file.storyboard; name = Base; path = Base.lproj/Main.storyboard; sourceTree = "<group>"; };
		52C14A2A1D3B705C006EAAC7 /* Assets.xcassets */ = {isa = PBXFileReference; lastKnownFileType = folder.assetcatalog; path = Assets.xcassets; sourceTree = "<group>"; };
		52C14A2D1D3B705C006EAAC7 /* Base */ = {isa = PBXFileReference; lastKnownFileType = file.storyboard; name = Base; path = Base.lproj/LaunchScreen.storyboard; sourceTree = "<group>"; };
		52C14A2F1D3B705C006EAAC7 /* Info.plist */ = {isa = PBXFileReference; lastKnownFileType = text.plist.xml; path = Info.plist; sourceTree = "<group>"; };
		52C14A361D3B7086006EAAC7 /* ClassA.swift */ = {isa = PBXFileReference; fileEncoding = 4; lastKnownFileType = sourcecode.swift; name = ClassA.swift; path = MyClasses/ClassA.swift; sourceTree = "<group>"; };
		52C14A381D3B7210006EAAC7 /* ClassB.swift */ = {isa = PBXFileReference; fileEncoding = 4; lastKnownFileType = sourcecode.swift; name = ClassB.swift; path = MyClasses/ClassB.swift; sourceTree = "<group>"; };
/* End PBXFileReference section */

/* Begin PBXFrameworksBuildPhase section */
		52C14A1D1D3B705B006EAAC7 /* Frameworks */ = {
			isa = PBXFrameworksBuildPhase;
			buildActionMask = 2147483647;
			files = (
			);
			runOnlyForDeploymentPostprocessing = 0;
		};
/* End PBXFrameworksBuildPhase section */

/* Begin PBXGroup section */
		52C14A171D3B705B006EAAC7 = {
			isa = PBXGroup;
			children = (
				52C14A221D3B705B006EAAC7 /* DayTwoDemoTwo */,
				52C14A211D3B705B006EAAC7 /* Products */,
			);
			sourceTree = "<group>";
		};
		52C14A211D3B705B006EAAC7 /* Products */ = {
			isa = PBXGroup;
			children = (
				52C14A201D3B705B006EAAC7 /* DayTwoDemoTwo.app */,
			);
			name = Products;
			sourceTree = "<group>";
		};
		52C14A221D3B705B006EAAC7 /* DayTwoDemoTwo */ = {
			isa = PBXGroup;
			children = (
				52C14A351D3B7062006EAAC7 /* MyClasses */,
				52C14A231D3B705B006EAAC7 /* AppDelegate.swift */,
				52C14A251D3B705B006EAAC7 /* ViewController.swift */,
				52C14A271D3B705C006EAAC7 /* Main.storyboard */,
				52C14A2A1D3B705C006EAAC7 /* Assets.xcassets */,
				52C14A2C1D3B705C006EAAC7 /* LaunchScreen.storyboard */,
				52C14A2F1D3B705C006EAAC7 /* Info.plist */,
			);
			path = DayTwoDemoTwo;
			sourceTree = "<group>";
		};
		52C14A351D3B7062006EAAC7 /* MyClasses */ = {
			isa = PBXGroup;
			children = (
				52C14A361D3B7086006EAAC7 /* ClassA.swift */,
				52C14A381D3B7210006EAAC7 /* ClassB.swift */,
			);
			name = MyClasses;
			sourceTree = "<group>";
		};
/* End PBXGroup section */

/* Begin PBXNativeTarget section */
		52C14A1F1D3B705B006EAAC7 /* DayTwoDemoTwo */ = {
			isa = PBXNativeTarget;
			buildConfigurationList = 52C14A321D3B705C006EAAC7 /* Build configuration list for PBXNativeTarget "DayTwoDemoTwo" */;
			buildPhases = (
				52C14A1C1D3B705B006EAAC7 /* Sources */,
				52C14A1D1D3B705B006EAAC7 /* Frameworks */,
				52C14A1E1D3B705B006EAAC7 /* Resources */,
			);
			buildRules = (
			);
			dependencies = (
			);
			name = DayTwoDemoTwo;
			productName = DayTwoDemoTwo;
			productReference = 52C14A201D3B705B006EAAC7 /* DayTwoDemoTwo.app */;
			productType = "com.apple.product-type.application";
		};
/* End PBXNativeTarget section */

/* Begin PBXProject section */
		52C14A181D3B705B006EAAC7 /* Project object */ = {
			isa = PBXProject;
			attributes = {
				LastSwiftUpdateCheck = 0730;
				LastUpgradeCheck = 0730;
				ORGANIZATIONNAME = PiTechnologies;
				TargetAttributes = {
					52C14A1F1D3B705B006EAAC7 = {
						CreatedOnToolsVersion = 7.3;
					};
				};
			};
			buildConfigurationList = 52C14A1B1D3B705B006EAAC7 /* Build configuration list for PBXProject "DayTwoDemoTwo" */;
			compatibilityVersion = "Xcode 3.2";
			developmentRegion = English;
			hasScannedForEncodings = 0;
			knownRegions = (
				en,
				Base,
			);
			mainGroup = 52C14A171D3B705B006EAAC7;
			productRefGroup = 52C14A211D3B705B006EAAC7 /* Products */;
			projectDirPath = "";
			projectRoot = "";
			targets = (
				52C14A1F1D3B705B006EAAC7 /* DayTwoDemoTwo */,
			);
		};
/* End PBXProject section */

/* Begin PBXResourcesBuildPhase section */
		52C14A1E1D3B705B006EAAC7 /* Resources */ = {
			isa = PBXResourcesBuildPhase;
			buildActionMask = 2147483647;
			files = (
				52C14A2E1D3B705C006EAAC7 /* LaunchScreen.storyboard in Resources */,
				52C14A2B1D3B705C006EAAC7 /* Assets.xcassets in Resources */,
				52C14A291D3B705C006EAAC7 /* Main.storyboard in Resources */,
			);
			runOnlyForDeploymentPostprocessing = 0;
		};
/* End PBXResourcesBuildPhase section */

/* Begin PBXSourcesBuildPhase section */
		52C14A1C1D3B705B006EAAC7 /* Sources */ = {
			isa = PBXSourcesBuildPhase;
			buildActionMask = 2147483647;
			files = (
				52C14A371D3B7086006EAAC7 /* ClassA.swift in Sources */,
				52C14A261D3B705B006EAAC7 /* ViewController.swift in Sources */,
				52C14A241D3B705B006EAAC7 /* AppDelegate.swift in Sources */,
				52C14A391D3B7210006EAAC7 /* ClassB.swift in Sources */,
			);
			runOnlyForDeploymentPostprocessing = 0;
		};
/* End PBXSourcesBuildPhase section */

/* Begin PBXVariantGroup section */
		52C14A271D3B705C006EAAC7 /* Main.storyboard */ = {
			isa = PBXVariantGroup;
			children = (
				52C14A281D3B705C006EAAC7 /* Base */,
			);
			name = Main.storyboard;
			sourceTree = "<group>";
		};
		52C14A2C1D3B705C006EAAC7 /* LaunchScreen.storyboard */ = {
			isa = PBXVariantGroup;
			children = (
				52C14A2D1D3B705C006EAAC7 /* Base */,
			);
			name = LaunchScreen.storyboard;
			sourceTree = "<group>";
		};
/* End PBXVariantGroup section */

/* Begin XCBuildConfiguration section */
		52C14A301D3B705C006EAAC7 /* Debug */ = {
			isa = XCBuildConfiguration;
			buildSettings = {
				ALWAYS_SEARCH_USER_PATHS = NO;
				CLANG_ANALYZER_NONNULL = YES;
				CLANG_CXX_LANGUAGE_STANDARD = "gnu++0x";
				CLANG_CXX_LIBRARY = "libc++";
				CLANG_ENABLE_MODULES = YES;
				CLANG_ENABLE_OBJC_ARC = YES;
				CLANG_WARN_BOOL_CONVERSION = YES;
				CLANG_WARN_CONSTANT_CONVERSION = YES;
				CLANG_WARN_DIRECT_OBJC_ISA_USAGE = YES_ERROR;
				CLANG_WARN_EMPTY_BODY = YES;
				CLANG_WARN_ENUM_CONVERSION = YES;
				CLANG_WARN_INT_CONVERSION = YES;
				CLANG_WARN_OBJC_ROOT_CLASS = YES_ERROR;
				CLANG_WARN_UNREACHABLE_CODE = YES;
				CLANG_WARN__DUPLICATE_METHOD_MATCH = YES;
				"CODE_SIGN_IDENTITY[sdk=iphoneos*]" = "iPhone Developer";
				COPY_PHASE_STRIP = NO;
				DEBUG_INFORMATION_FORMAT = dwarf;
				ENABLE_STRICT_OBJC_MSGSEND = YES;
				ENABLE_TESTABILITY = YES;
				GCC_C_LANGUAGE_STANDARD = gnu99;
				GCC_DYNAMIC_NO_PIC = NO;
				GCC_NO_COMMON_BLOCKS = YES;
				GCC_OPTIMIZATION_LEVEL = 0;
				GCC_PREPROCESSOR_DEFINITIONS = (
					"DEBUG=1",
					"$(inherited)",
				);
				GCC_WARN_64_TO_32_BIT_CONVERSION = YES;
				GCC_WARN_ABOUT_RETURN_TYPE = YES_ERROR;
				GCC_WARN_UNDECLARED_SELECTOR = YES;
				GCC_WARN_UNINITIALIZED_AUTOS = YES_AGGRESSIVE;
				GCC_WARN_UNUSED_FUNCTION = YES;
				GCC_WARN_UNUSED_VARIABLE = YES;
				IPHONEOS_DEPLOYMENT_TARGET = 9.3;
				MTL_ENABLE_DEBUG_INFO = YES;
				ONLY_ACTIVE_ARCH = YES;
				SDKROOT = iphoneos;
				SWIFT_OPTIMIZATION_LEVEL = "-Onone";
			};
			name = Debug;
		};
		52C14A311D3B705C006EAAC7 /* Release */ = {
			isa = XCBuildConfiguration;
			buildSettings = {
				ALWAYS_SEARCH_USER_PATHS = NO;
				CLANG_ANALYZER_NONNULL = YES;
				CLANG_CXX_LANGUAGE_STANDARD = "gnu++0x";
				CLANG_CXX_LIBRARY = "libc++";
				CLANG_ENABLE_MODULES = YES;
				CLANG_ENABLE_OBJC_ARC = YES;
				CLANG_WARN_BOOL_CONVERSION = YES;
				CLANG_WARN_CONSTANT_CONVERSION = YES;
				CLANG_WARN_DIRECT_OBJC_ISA_USAGE = YES_ERROR;
				CLANG_WARN_EMPTY_BODY = YES;
				CLANG_WARN_ENUM_CONVERSION = YES;
				CLANG_WARN_INT_CONVERSION = YES;
				CLANG_WARN_OBJC_ROOT_CLASS = YES_ERROR;
				CLANG_WARN_UNREACHABLE_CODE = YES;
				CLANG_WARN__DUPLICATE_METHOD_MATCH = YES;
				"CODE_SIGN_IDENTITY[sdk=iphoneos*]" = "iPhone Developer";
				COPY_PHASE_STRIP = NO;
				DEBUG_INFORMATION_FORMAT = "dwarf-with-dsym";
				ENABLE_NS_ASSERTIONS = NO;
				ENABLE_STRICT_OBJC_MSGSEND = YES;
				GCC_C_LANGUAGE_STANDARD = gnu99;
				GCC_NO_COMMON_BLOCKS = YES;
				GCC_WARN_64_TO_32_BIT_CONVERSION = YES;
				GCC_WARN_ABOUT_RETURN_TYPE = YES_ERROR;
				GCC_WARN_UNDECLARED_SELECTOR = YES;
				GCC_WARN_UNINITIALIZED_AUTOS = YES_AGGRESSIVE;
				GCC_WARN_UNUSED_FUNCTION = YES;
				GCC_WARN_UNUSED_VARIABLE = YES;
				IPHONEOS_DEPLOYMENT_TARGET = 9.3;
				MTL_ENABLE_DEBUG_INFO = NO;
				SDKROOT = iphoneos;
				VALIDATE_PRODUCT = YES;
			};
			name = Release;
		};
		52C14A331D3B705C006EAAC7 /* Debug */ = {
			isa = XCBuildConfiguration;
			buildSettings = {
				ASSETCATALOG_COMPILER_APPICON_NAME = AppIcon;
				INFOPLIST_FILE = DayTwoDemoTwo/Info.plist;
				LD_RUNPATH_SEARCH_PATHS = "$(inherited) @executable_path/Frameworks";
				PRODUCT_BUNDLE_IDENTIFIER = net.pitechnologies.DayTwoDemoTwo;
				PRODUCT_NAME = "$(TARGET_NAME)";
			};
			name = Debug;
		};
		52C14A341D3B705C006EAAC7 /* Release */ = {
			isa = XCBuildConfiguration;
			buildSettings = {
				ASSETCATALOG_COMPILER_APPICON_NAME = AppIcon;
				INFOPLIST_FILE = DayTwoDemoTwo/Info.plist;
				LD_RUNPATH_SEARCH_PATHS = "$(inherited) @executable_path/Frameworks";
				PRODUCT_BUNDLE_IDENTIFIER = net.pitechnologies.DayTwoDemoTwo;
				PRODUCT_NAME = "$(TARGET_NAME)";
			};
			name = Release;
		};
/* End XCBuildConfiguration section */

/* Begin XCConfigurationList section */
		52C14A1B1D3B705B006EAAC7 /* Build configuration list for PBXProject "DayTwoDemoTwo" */ = {
			isa = XCConfigurationList;
			buildConfigurations = (
				52C14A301D3B705C006EAAC7 /* Debug */,
				52C14A311D3B705C006EAAC7 /* Release */,
			);
			defaultConfigurationIsVisible = 0;
			defaultConfigurationName = Release;
		};
		52C14A321D3B705C006EAAC7 /* Build configuration list for PBXNativeTarget "DayTwoDemoTwo" */ = {
			isa = XCConfigurationList;
			buildConfigurations = (
				52C14A331D3B705C006EAAC7 /* Debug */,
				52C14A341D3B705C006EAAC7 /* Release */,
			);
			defaultConfigurationIsVisible = 0;
		};
/* End XCConfigurationList section */
	};
	rootObject = 52C14A181D3B705B006EAAC7 /* Project object */;
}
