// !$*UTF8*$!
{
	archiveVersion = 1;
	classes = {
	};
	objectVersion = 46;
	objects = {

/* Begin PBXBuildFile section */
		52DD77641D488F2500A25B57 /* AppDelegate.swift in Sources */ = {isa = PBXBuildFile; fileRef = 52DD77631D488F2500A25B57 /* AppDelegate.swift */; };
		52DD77661D488F2500A25B57 /* ViewController.swift in Sources */ = {isa = PBXBuildFile; fileRef = 52DD77651D488F2500A25B57 /* ViewController.swift */; };
		52DD77691D488F2500A25B57 /* Main.storyboard in Resources */ = {isa = PBXBuildFile; fileRef = 52DD77671D488F2500A25B57 /* Main.storyboard */; };
		52DD776B1D488F2500A25B57 /* Assets.xcassets in Resources */ = {isa = PBXBuildFile; fileRef = 52DD776A1D488F2500A25B57 /* Assets.xcassets */; };
		52DD776E1D488F2500A25B57 /* LaunchScreen.storyboard in Resources */ = {isa = PBXBuildFile; fileRef = 52DD776C1D488F2500A25B57 /* LaunchScreen.storyboard */; };
		52DD77761D488F4900A25B57 /* InitCountries.plist in Resources */ = {isa = PBXBuildFile; fileRef = 52DD77751D488F4900A25B57 /* InitCountries.plist */; };
		52DD77781D488F6500A25B57 /* PathsManager.swift in Sources */ = {isa = PBXBuildFile; fileRef = 52DD77771D488F6500A25B57 /* PathsManager.swift */; };
/* End PBXBuildFile section */

/* Begin PBXFileReference section */
		52DD77601D488F2500A25B57 /* pListDemoThree.app */ = {isa = PBXFileReference; explicitFileType = wrapper.application; includeInIndex = 0; path = pListDemoThree.app; sourceTree = BUILT_PRODUCTS_DIR; };
		52DD77631D488F2500A25B57 /* AppDelegate.swift */ = {isa = PBXFileReference; lastKnownFileType = sourcecode.swift; path = AppDelegate.swift; sourceTree = "<group>"; };
		52DD77651D488F2500A25B57 /* ViewController.swift */ = {isa = PBXFileReference; lastKnownFileType = sourcecode.swift; path = ViewController.swift; sourceTree = "<group>"; };
		52DD77681D488F2500A25B57 /* Base */ = {isa = PBXFileReference; lastKnownFileType = file.storyboard; name = Base; path = Base.lproj/Main.storyboard; sourceTree = "<group>"; };
		52DD776A1D488F2500A25B57 /* Assets.xcassets */ = {isa = PBXFileReference; lastKnownFileType = folder.assetcatalog; path = Assets.xcassets; sourceTree = "<group>"; };
		52DD776D1D488F2500A25B57 /* Base */ = {isa = PBXFileReference; lastKnownFileType = file.storyboard; name = Base; path = Base.lproj/LaunchScreen.storyboard; sourceTree = "<group>"; };
		52DD776F1D488F2500A25B57 /* Info.plist */ = {isa = PBXFileReference; lastKnownFileType = text.plist.xml; path = Info.plist; sourceTree = "<group>"; };
		52DD77751D488F4900A25B57 /* InitCountries.plist */ = {isa = PBXFileReference; fileEncoding = 4; lastKnownFileType = text.plist.xml; path = InitCountries.plist; sourceTree = "<group>"; };
		52DD77771D488F6500A25B57 /* PathsManager.swift */ = {isa = PBXFileReference; fileEncoding = 4; lastKnownFileType = sourcecode.swift; path = PathsManager.swift; sourceTree = "<group>"; };
/* End PBXFileReference section */

/* Begin PBXFrameworksBuildPhase section */
		52DD775D1D488F2500A25B57 /* Frameworks */ = {
			isa = PBXFrameworksBuildPhase;
			buildActionMask = 2147483647;
			files = (
			);
			runOnlyForDeploymentPostprocessing = 0;
		};
/* End PBXFrameworksBuildPhase section */

/* Begin PBXGroup section */
		52DD77571D488F2500A25B57 = {
			isa = PBXGroup;
			children = (
				52DD77621D488F2500A25B57 /* pListDemoThree */,
				52DD77611D488F2500A25B57 /* Products */,
			);
			sourceTree = "<group>";
		};
		52DD77611D488F2500A25B57 /* Products */ = {
			isa = PBXGroup;
			children = (
				52DD77601D488F2500A25B57 /* pListDemoThree.app */,
			);
			name = Products;
			sourceTree = "<group>";
		};
		52DD77621D488F2500A25B57 /* pListDemoThree */ = {
			isa = PBXGroup;
			children = (
				52DD77631D488F2500A25B57 /* AppDelegate.swift */,
				52DD77651D488F2500A25B57 /* ViewController.swift */,
				52DD77771D488F6500A25B57 /* PathsManager.swift */,
				52DD77671D488F2500A25B57 /* Main.storyboard */,
				52DD776A1D488F2500A25B57 /* Assets.xcassets */,
				52DD776C1D488F2500A25B57 /* LaunchScreen.storyboard */,
				52DD776F1D488F2500A25B57 /* Info.plist */,
				52DD77751D488F4900A25B57 /* InitCountries.plist */,
			);
			path = pListDemoThree;
			sourceTree = "<group>";
		};
/* End PBXGroup section */

/* Begin PBXNativeTarget section */
		52DD775F1D488F2500A25B57 /* pListDemoThree */ = {
			isa = PBXNativeTarget;
			buildConfigurationList = 52DD77721D488F2500A25B57 /* Build configuration list for PBXNativeTarget "pListDemoThree" */;
			buildPhases = (
				52DD775C1D488F2500A25B57 /* Sources */,
				52DD775D1D488F2500A25B57 /* Frameworks */,
				52DD775E1D488F2500A25B57 /* Resources */,
			);
			buildRules = (
			);
			dependencies = (
			);
			name = pListDemoThree;
			productName = pListDemoThree;
			productReference = 52DD77601D488F2500A25B57 /* pListDemoThree.app */;
			productType = "com.apple.product-type.application";
		};
/* End PBXNativeTarget section */

/* Begin PBXProject section */
		52DD77581D488F2500A25B57 /* Project object */ = {
			isa = PBXProject;
			attributes = {
				LastSwiftUpdateCheck = 0730;
				LastUpgradeCheck = 0730;
				ORGANIZATIONNAME = PiTechnologies;
				TargetAttributes = {
					52DD775F1D488F2500A25B57 = {
						CreatedOnToolsVersion = 7.3;
					};
				};
			};
			buildConfigurationList = 52DD775B1D488F2500A25B57 /* Build configuration list for PBXProject "pListDemoThree" */;
			compatibilityVersion = "Xcode 3.2";
			developmentRegion = English;
			hasScannedForEncodings = 0;
			knownRegions = (
				en,
				Base,
			);
			mainGroup = 52DD77571D488F2500A25B57;
			productRefGroup = 52DD77611D488F2500A25B57 /* Products */;
			projectDirPath = "";
			projectRoot = "";
			targets = (
				52DD775F1D488F2500A25B57 /* pListDemoThree */,
			);
		};
/* End PBXProject section */

/* Begin PBXResourcesBuildPhase section */
		52DD775E1D488F2500A25B57 /* Resources */ = {
			isa = PBXResourcesBuildPhase;
			buildActionMask = 2147483647;
			files = (
				52DD776E1D488F2500A25B57 /* LaunchScreen.storyboard in Resources */,
				52DD77761D488F4900A25B57 /* InitCountries.plist in Resources */,
				52DD776B1D488F2500A25B57 /* Assets.xcassets in Resources */,
				52DD77691D488F2500A25B57 /* Main.storyboard in Resources */,
			);
			runOnlyForDeploymentPostprocessing = 0;
		};
/* End PBXResourcesBuildPhase section */

/* Begin PBXSourcesBuildPhase section */
		52DD775C1D488F2500A25B57 /* Sources */ = {
			isa = PBXSourcesBuildPhase;
			buildActionMask = 2147483647;
			files = (
				52DD77781D488F6500A25B57 /* PathsManager.swift in Sources */,
				52DD77661D488F2500A25B57 /* ViewController.swift in Sources */,
				52DD77641D488F2500A25B57 /* AppDelegate.swift in Sources */,
			);
			runOnlyForDeploymentPostprocessing = 0;
		};
/* End PBXSourcesBuildPhase section */

/* Begin PBXVariantGroup section */
		52DD77671D488F2500A25B57 /* Main.storyboard */ = {
			isa = PBXVariantGroup;
			children = (
				52DD77681D488F2500A25B57 /* Base */,
			);
			name = Main.storyboard;
			sourceTree = "<group>";
		};
		52DD776C1D488F2500A25B57 /* LaunchScreen.storyboard */ = {
			isa = PBXVariantGroup;
			children = (
				52DD776D1D488F2500A25B57 /* Base */,
			);
			name = LaunchScreen.storyboard;
			sourceTree = "<group>";
		};
/* End PBXVariantGroup section */

/* Begin XCBuildConfiguration section */
		52DD77701D488F2500A25B57 /* Debug */ = {
			isa = XCBuildConfiguration;
			buildSettings = {
				ALWAYS_SEARCH_USER_PATHS = NO;
				CLANG_ANALYZER_NONNULL = YES;
				CLANG_CXX_LANGUAGE_STANDARD = "gnu++0x";
				CLANG_CXX_LIBRARY = "libc++";
				CLANG_ENABLE_MODULES = YES;
				CLANG_ENABLE_OBJC_ARC = YES;
				CLANG_WARN_BOOL_CONVERSION = YES;
				CLANG_WARN_CONSTANT_CONVERSION = YES;
				CLANG_WARN_DIRECT_OBJC_ISA_USAGE = YES_ERROR;
				CLANG_WARN_EMPTY_BODY = YES;
				CLANG_WARN_ENUM_CONVERSION = YES;
				CLANG_WARN_INT_CONVERSION = YES;
				CLANG_WARN_OBJC_ROOT_CLASS = YES_ERROR;
				CLANG_WARN_UNREACHABLE_CODE = YES;
				CLANG_WARN__DUPLICATE_METHOD_MATCH = YES;
				"CODE_SIGN_IDENTITY[sdk=iphoneos*]" = "iPhone Developer";
				COPY_PHASE_STRIP = NO;
				DEBUG_INFORMATION_FORMAT = dwarf;
				ENABLE_STRICT_OBJC_MSGSEND = YES;
				ENABLE_TESTABILITY = YES;
				GCC_C_LANGUAGE_STANDARD = gnu99;
				GCC_DYNAMIC_NO_PIC = NO;
				GCC_NO_COMMON_BLOCKS = YES;
				GCC_OPTIMIZATION_LEVEL = 0;
				GCC_PREPROCESSOR_DEFINITIONS = (
					"DEBUG=1",
					"$(inherited)",
				);
				GCC_WARN_64_TO_32_BIT_CONVERSION = YES;
				GCC_WARN_ABOUT_RETURN_TYPE = YES_ERROR;
				GCC_WARN_UNDECLARED_SELECTOR = YES;
				GCC_WARN_UNINITIALIZED_AUTOS = YES_AGGRESSIVE;
				GCC_WARN_UNUSED_FUNCTION = YES;
				GCC_WARN_UNUSED_VARIABLE = YES;
				IPHONEOS_DEPLOYMENT_TARGET = 9.3;
				MTL_ENABLE_DEBUG_INFO = YES;
				ONLY_ACTIVE_ARCH = YES;
				SDKROOT = iphoneos;
				SWIFT_OPTIMIZATION_LEVEL = "-Onone";
			};
			name = Debug;
		};
		52DD77711D488F2500A25B57 /* Release */ = {
			isa = XCBuildConfiguration;
			buildSettings = {
				ALWAYS_SEARCH_USER_PATHS = NO;
				CLANG_ANALYZER_NONNULL = YES;
				CLANG_CXX_LANGUAGE_STANDARD = "gnu++0x";
				CLANG_CXX_LIBRARY = "libc++";
				CLANG_ENABLE_MODULES = YES;
				CLANG_ENABLE_OBJC_ARC = YES;
				CLANG_WARN_BOOL_CONVERSION = YES;
				CLANG_WARN_CONSTANT_CONVERSION = YES;
				CLANG_WARN_DIRECT_OBJC_ISA_USAGE = YES_ERROR;
				CLANG_WARN_EMPTY_BODY = YES;
				CLANG_WARN_ENUM_CONVERSION = YES;
				CLANG_WARN_INT_CONVERSION = YES;
				CLANG_WARN_OBJC_ROOT_CLASS = YES_ERROR;
				CLANG_WARN_UNREACHABLE_CODE = YES;
				CLANG_WARN__DUPLICATE_METHOD_MATCH = YES;
				"CODE_SIGN_IDENTITY[sdk=iphoneos*]" = "iPhone Developer";
				COPY_PHASE_STRIP = NO;
				DEBUG_INFORMATION_FORMAT = "dwarf-with-dsym";
				ENABLE_NS_ASSERTIONS = NO;
				ENABLE_STRICT_OBJC_MSGSEND = YES;
				GCC_C_LANGUAGE_STANDARD = gnu99;
				GCC_NO_COMMON_BLOCKS = YES;
				GCC_WARN_64_TO_32_BIT_CONVERSION = YES;
				GCC_WARN_ABOUT_RETURN_TYPE = YES_ERROR;
				GCC_WARN_UNDECLARED_SELECTOR = YES;
				GCC_WARN_UNINITIALIZED_AUTOS = YES_AGGRESSIVE;
				GCC_WARN_UNUSED_FUNCTION = YES;
				GCC_WARN_UNUSED_VARIABLE = YES;
				IPHONEOS_DEPLOYMENT_TARGET = 9.3;
				MTL_ENABLE_DEBUG_INFO = NO;
				SDKROOT = iphoneos;
				VALIDATE_PRODUCT = YES;
			};
			name = Release;
		};
		52DD77731D488F2500A25B57 /* Debug */ = {
			isa = XCBuildConfiguration;
			buildSettings = {
				ASSETCATALOG_COMPILER_APPICON_NAME = AppIcon;
				INFOPLIST_FILE = pListDemoThree/Info.plist;
				LD_RUNPATH_SEARCH_PATHS = "$(inherited) @executable_path/Frameworks";
				PRODUCT_BUNDLE_IDENTIFIER = net.pitechnologies.pListDemoThree;
				PRODUCT_NAME = "$(TARGET_NAME)";
			};
			name = Debug;
		};
		52DD77741D488F2500A25B57 /* Release */ = {
			isa = XCBuildConfiguration;
			buildSettings = {
				ASSETCATALOG_COMPILER_APPICON_NAME = AppIcon;
				INFOPLIST_FILE = pListDemoThree/Info.plist;
				LD_RUNPATH_SEARCH_PATHS = "$(inherited) @executable_path/Frameworks";
				PRODUCT_BUNDLE_IDENTIFIER = net.pitechnologies.pListDemoThree;
				PRODUCT_NAME = "$(TARGET_NAME)";
			};
			name = Release;
		};
/* End XCBuildConfiguration section */

/* Begin XCConfigurationList section */
		52DD775B1D488F2500A25B57 /* Build configuration list for PBXProject "pListDemoThree" */ = {
			isa = XCConfigurationList;
			buildConfigurations = (
				52DD77701D488F2500A25B57 /* Debug */,
				52DD77711D488F2500A25B57 /* Release */,
			);
			defaultConfigurationIsVisible = 0;
			defaultConfigurationName = Release;
		};
		52DD77721D488F2500A25B57 /* Build configuration list for PBXNativeTarget "pListDemoThree" */ = {
			isa = XCConfigurationList;
			buildConfigurations = (
				52DD77731D488F2500A25B57 /* Debug */,
				52DD77741D488F2500A25B57 /* Release */,
			);
			defaultConfigurationIsVisible = 0;
		};
/* End XCConfigurationList section */
	};
	rootObject = 52DD77581D488F2500A25B57 /* Project object */;
}
