// !$*UTF8*$!
{
	archiveVersion = 1;
	classes = {
	};
	objectVersion = 46;
	objects = {

/* Begin PBXBuildFile section */
		526D64981D3E132000741C07 /* AppDelegate.swift in Sources */ = {isa = PBXBuildFile; fileRef = 526D64971D3E132000741C07 /* AppDelegate.swift */; };
		526D649A1D3E132000741C07 /* ViewController.swift in Sources */ = {isa = PBXBuildFile; fileRef = 526D64991D3E132000741C07 /* ViewController.swift */; };
		526D649D1D3E132000741C07 /* Main.storyboard in Resources */ = {isa = PBXBuildFile; fileRef = 526D649B1D3E132000741C07 /* Main.storyboard */; };
		526D649F1D3E132100741C07 /* Assets.xcassets in Resources */ = {isa = PBXBuildFile; fileRef = 526D649E1D3E132100741C07 /* Assets.xcassets */; };
		526D64A21D3E132100741C07 /* LaunchScreen.storyboard in Resources */ = {isa = PBXBuildFile; fileRef = 526D64A01D3E132100741C07 /* LaunchScreen.storyboard */; };
		526D64AA1D3E144000741C07 /* ListControllerTableViewController.swift in Sources */ = {isa = PBXBuildFile; fileRef = 526D64A91D3E144000741C07 /* ListControllerTableViewController.swift */; };
/* End PBXBuildFile section */

/* Begin PBXFileReference section */
		526D64941D3E132000741C07 /* TableDemo.app */ = {isa = PBXFileReference; explicitFileType = wrapper.application; includeInIndex = 0; path = TableDemo.app; sourceTree = BUILT_PRODUCTS_DIR; };
		526D64971D3E132000741C07 /* AppDelegate.swift */ = {isa = PBXFileReference; lastKnownFileType = sourcecode.swift; path = AppDelegate.swift; sourceTree = "<group>"; };
		526D64991D3E132000741C07 /* ViewController.swift */ = {isa = PBXFileReference; lastKnownFileType = sourcecode.swift; path = ViewController.swift; sourceTree = "<group>"; };
		526D649C1D3E132000741C07 /* Base */ = {isa = PBXFileReference; lastKnownFileType = file.storyboard; name = Base; path = Base.lproj/Main.storyboard; sourceTree = "<group>"; };
		526D649E1D3E132100741C07 /* Assets.xcassets */ = {isa = PBXFileReference; lastKnownFileType = folder.assetcatalog; path = Assets.xcassets; sourceTree = "<group>"; };
		526D64A11D3E132100741C07 /* Base */ = {isa = PBXFileReference; lastKnownFileType = file.storyboard; name = Base; path = Base.lproj/LaunchScreen.storyboard; sourceTree = "<group>"; };
		526D64A31D3E132100741C07 /* Info.plist */ = {isa = PBXFileReference; lastKnownFileType = text.plist.xml; path = Info.plist; sourceTree = "<group>"; };
		526D64A91D3E144000741C07 /* ListControllerTableViewController.swift */ = {isa = PBXFileReference; fileEncoding = 4; lastKnownFileType = sourcecode.swift; path = ListControllerTableViewController.swift; sourceTree = "<group>"; };
/* End PBXFileReference section */

/* Begin PBXFrameworksBuildPhase section */
		526D64911D3E132000741C07 /* Frameworks */ = {
			isa = PBXFrameworksBuildPhase;
			buildActionMask = 2147483647;
			files = (
			);
			runOnlyForDeploymentPostprocessing = 0;
		};
/* End PBXFrameworksBuildPhase section */

/* Begin PBXGroup section */
		526D648B1D3E132000741C07 = {
			isa = PBXGroup;
			children = (
				526D64961D3E132000741C07 /* TableDemo */,
				526D64951D3E132000741C07 /* Products */,
			);
			sourceTree = "<group>";
		};
		526D64951D3E132000741C07 /* Products */ = {
			isa = PBXGroup;
			children = (
				526D64941D3E132000741C07 /* TableDemo.app */,
			);
			name = Products;
			sourceTree = "<group>";
		};
		526D64961D3E132000741C07 /* TableDemo */ = {
			isa = PBXGroup;
			children = (
				526D64971D3E132000741C07 /* AppDelegate.swift */,
				526D64991D3E132000741C07 /* ViewController.swift */,
				526D649B1D3E132000741C07 /* Main.storyboard */,
				526D649E1D3E132100741C07 /* Assets.xcassets */,
				526D64A01D3E132100741C07 /* LaunchScreen.storyboard */,
				526D64A31D3E132100741C07 /* Info.plist */,
				526D64A91D3E144000741C07 /* ListControllerTableViewController.swift */,
			);
			path = TableDemo;
			sourceTree = "<group>";
		};
/* End PBXGroup section */

/* Begin PBXNativeTarget section */
		526D64931D3E132000741C07 /* TableDemo */ = {
			isa = PBXNativeTarget;
			buildConfigurationList = 526D64A61D3E132100741C07 /* Build configuration list for PBXNativeTarget "TableDemo" */;
			buildPhases = (
				526D64901D3E132000741C07 /* Sources */,
				526D64911D3E132000741C07 /* Frameworks */,
				526D64921D3E132000741C07 /* Resources */,
			);
			buildRules = (
			);
			dependencies = (
			);
			name = TableDemo;
			productName = TableDemo;
			productReference = 526D64941D3E132000741C07 /* TableDemo.app */;
			productType = "com.apple.product-type.application";
		};
/* End PBXNativeTarget section */

/* Begin PBXProject section */
		526D648C1D3E132000741C07 /* Project object */ = {
			isa = PBXProject;
			attributes = {
				LastSwiftUpdateCheck = 0730;
				LastUpgradeCheck = 0730;
				ORGANIZATIONNAME = PiTechnologies;
				TargetAttributes = {
					526D64931D3E132000741C07 = {
						CreatedOnToolsVersion = 7.3;
					};
				};
			};
			buildConfigurationList = 526D648F1D3E132000741C07 /* Build configuration list for PBXProject "TableDemo" */;
			compatibilityVersion = "Xcode 3.2";
			developmentRegion = English;
			hasScannedForEncodings = 0;
			knownRegions = (
				en,
				Base,
			);
			mainGroup = 526D648B1D3E132000741C07;
			productRefGroup = 526D64951D3E132000741C07 /* Products */;
			projectDirPath = "";
			projectRoot = "";
			targets = (
				526D64931D3E132000741C07 /* TableDemo */,
			);
		};
/* End PBXProject section */

/* Begin PBXResourcesBuildPhase section */
		526D64921D3E132000741C07 /* Resources */ = {
			isa = PBXResourcesBuildPhase;
			buildActionMask = 2147483647;
			files = (
				526D64A21D3E132100741C07 /* LaunchScreen.storyboard in Resources */,
				526D649F1D3E132100741C07 /* Assets.xcassets in Resources */,
				526D649D1D3E132000741C07 /* Main.storyboard in Resources */,
			);
			runOnlyForDeploymentPostprocessing = 0;
		};
/* End PBXResourcesBuildPhase section */

/* Begin PBXSourcesBuildPhase section */
		526D64901D3E132000741C07 /* Sources */ = {
			isa = PBXSourcesBuildPhase;
			buildActionMask = 2147483647;
			files = (
				526D649A1D3E132000741C07 /* ViewController.swift in Sources */,
				526D64981D3E132000741C07 /* AppDelegate.swift in Sources */,
				526D64AA1D3E144000741C07 /* ListControllerTableViewController.swift in Sources */,
			);
			runOnlyForDeploymentPostprocessing = 0;
		};
/* End PBXSourcesBuildPhase section */

/* Begin PBXVariantGroup section */
		526D649B1D3E132000741C07 /* Main.storyboard */ = {
			isa = PBXVariantGroup;
			children = (
				526D649C1D3E132000741C07 /* Base */,
			);
			name = Main.storyboard;
			sourceTree = "<group>";
		};
		526D64A01D3E132100741C07 /* LaunchScreen.storyboard */ = {
			isa = PBXVariantGroup;
			children = (
				526D64A11D3E132100741C07 /* Base */,
			);
			name = LaunchScreen.storyboard;
			sourceTree = "<group>";
		};
/* End PBXVariantGroup section */

/* Begin XCBuildConfiguration section */
		526D64A41D3E132100741C07 /* Debug */ = {
			isa = XCBuildConfiguration;
			buildSettings = {
				ALWAYS_SEARCH_USER_PATHS = NO;
				CLANG_ANALYZER_NONNULL = YES;
				CLANG_CXX_LANGUAGE_STANDARD = "gnu++0x";
				CLANG_CXX_LIBRARY = "libc++";
				CLANG_ENABLE_MODULES = YES;
				CLANG_ENABLE_OBJC_ARC = YES;
				CLANG_WARN_BOOL_CONVERSION = YES;
				CLANG_WARN_CONSTANT_CONVERSION = YES;
				CLANG_WARN_DIRECT_OBJC_ISA_USAGE = YES_ERROR;
				CLANG_WARN_EMPTY_BODY = YES;
				CLANG_WARN_ENUM_CONVERSION = YES;
				CLANG_WARN_INT_CONVERSION = YES;
				CLANG_WARN_OBJC_ROOT_CLASS = YES_ERROR;
				CLANG_WARN_UNREACHABLE_CODE = YES;
				CLANG_WARN__DUPLICATE_METHOD_MATCH = YES;
				"CODE_SIGN_IDENTITY[sdk=iphoneos*]" = "iPhone Developer";
				COPY_PHASE_STRIP = NO;
				DEBUG_INFORMATION_FORMAT = dwarf;
				ENABLE_STRICT_OBJC_MSGSEND = YES;
				ENABLE_TESTABILITY = YES;
				GCC_C_LANGUAGE_STANDARD = gnu99;
				GCC_DYNAMIC_NO_PIC = NO;
				GCC_NO_COMMON_BLOCKS = YES;
				GCC_OPTIMIZATION_LEVEL = 0;
				GCC_PREPROCESSOR_DEFINITIONS = (
					"DEBUG=1",
					"$(inherited)",
				);
				GCC_WARN_64_TO_32_BIT_CONVERSION = YES;
				GCC_WARN_ABOUT_RETURN_TYPE = YES_ERROR;
				GCC_WARN_UNDECLARED_SELECTOR = YES;
				GCC_WARN_UNINITIALIZED_AUTOS = YES_AGGRESSIVE;
				GCC_WARN_UNUSED_FUNCTION = YES;
				GCC_WARN_UNUSED_VARIABLE = YES;
				IPHONEOS_DEPLOYMENT_TARGET = 9.3;
				MTL_ENABLE_DEBUG_INFO = YES;
				ONLY_ACTIVE_ARCH = YES;
				SDKROOT = iphoneos;
				SWIFT_OPTIMIZATION_LEVEL = "-Onone";
			};
			name = Debug;
		};
		526D64A51D3E132100741C07 /* Release */ = {
			isa = XCBuildConfiguration;
			buildSettings = {
				ALWAYS_SEARCH_USER_PATHS = NO;
				CLANG_ANALYZER_NONNULL = YES;
				CLANG_CXX_LANGUAGE_STANDARD = "gnu++0x";
				CLANG_CXX_LIBRARY = "libc++";
				CLANG_ENABLE_MODULES = YES;
				CLANG_ENABLE_OBJC_ARC = YES;
				CLANG_WARN_BOOL_CONVERSION = YES;
				CLANG_WARN_CONSTANT_CONVERSION = YES;
				CLANG_WARN_DIRECT_OBJC_ISA_USAGE = YES_ERROR;
				CLANG_WARN_EMPTY_BODY = YES;
				CLANG_WARN_ENUM_CONVERSION = YES;
				CLANG_WARN_INT_CONVERSION = YES;
				CLANG_WARN_OBJC_ROOT_CLASS = YES_ERROR;
				CLANG_WARN_UNREACHABLE_CODE = YES;
				CLANG_WARN__DUPLICATE_METHOD_MATCH = YES;
				"CODE_SIGN_IDENTITY[sdk=iphoneos*]" = "iPhone Developer";
				COPY_PHASE_STRIP = NO;
				DEBUG_INFORMATION_FORMAT = "dwarf-with-dsym";
				ENABLE_NS_ASSERTIONS = NO;
				ENABLE_STRICT_OBJC_MSGSEND = YES;
				GCC_C_LANGUAGE_STANDARD = gnu99;
				GCC_NO_COMMON_BLOCKS = YES;
				GCC_WARN_64_TO_32_BIT_CONVERSION = YES;
				GCC_WARN_ABOUT_RETURN_TYPE = YES_ERROR;
				GCC_WARN_UNDECLARED_SELECTOR = YES;
				GCC_WARN_UNINITIALIZED_AUTOS = YES_AGGRESSIVE;
				GCC_WARN_UNUSED_FUNCTION = YES;
				GCC_WARN_UNUSED_VARIABLE = YES;
				IPHONEOS_DEPLOYMENT_TARGET = 9.3;
				MTL_ENABLE_DEBUG_INFO = NO;
				SDKROOT = iphoneos;
				VALIDATE_PRODUCT = YES;
			};
			name = Release;
		};
		526D64A71D3E132100741C07 /* Debug */ = {
			isa = XCBuildConfiguration;
			buildSettings = {
				ASSETCATALOG_COMPILER_APPICON_NAME = AppIcon;
				INFOPLIST_FILE = TableDemo/Info.plist;
				LD_RUNPATH_SEARCH_PATHS = "$(inherited) @executable_path/Frameworks";
				PRODUCT_BUNDLE_IDENTIFIER = net.pitechnologies.TableDemo;
				PRODUCT_NAME = "$(TARGET_NAME)";
			};
			name = Debug;
		};
		526D64A81D3E132100741C07 /* Release */ = {
			isa = XCBuildConfiguration;
			buildSettings = {
				ASSETCATALOG_COMPILER_APPICON_NAME = AppIcon;
				INFOPLIST_FILE = TableDemo/Info.plist;
				LD_RUNPATH_SEARCH_PATHS = "$(inherited) @executable_path/Frameworks";
				PRODUCT_BUNDLE_IDENTIFIER = net.pitechnologies.TableDemo;
				PRODUCT_NAME = "$(TARGET_NAME)";
			};
			name = Release;
		};
/* End XCBuildConfiguration section */

/* Begin XCConfigurationList section */
		526D648F1D3E132000741C07 /* Build configuration list for PBXProject "TableDemo" */ = {
			isa = XCConfigurationList;
			buildConfigurations = (
				526D64A41D3E132100741C07 /* Debug */,
				526D64A51D3E132100741C07 /* Release */,
			);
			defaultConfigurationIsVisible = 0;
			defaultConfigurationName = Release;
		};
		526D64A61D3E132100741C07 /* Build configuration list for PBXNativeTarget "TableDemo" */ = {
			isa = XCConfigurationList;
			buildConfigurations = (
				526D64A71D3E132100741C07 /* Debug */,
				526D64A81D3E132100741C07 /* Release */,
			);
			defaultConfigurationIsVisible = 0;
		};
/* End XCConfigurationList section */
	};
	rootObject = 526D648C1D3E132000741C07 /* Project object */;
}
