// !$*UTF8*$!
{
	archiveVersion = 1;
	classes = {
	};
	objectVersion = 46;
	objects = {

/* Begin PBXBuildFile section */
		526D64F81D3E330900741C07 /* AppDelegate.swift in Sources */ = {isa = PBXBuildFile; fileRef = 526D64F71D3E330900741C07 /* AppDelegate.swift */; };
		526D64FA1D3E330900741C07 /* ViewController.swift in Sources */ = {isa = PBXBuildFile; fileRef = 526D64F91D3E330900741C07 /* ViewController.swift */; };
		526D64FD1D3E330900741C07 /* Main.storyboard in Resources */ = {isa = PBXBuildFile; fileRef = 526D64FB1D3E330900741C07 /* Main.storyboard */; };
		526D64FF1D3E330900741C07 /* Assets.xcassets in Resources */ = {isa = PBXBuildFile; fileRef = 526D64FE1D3E330900741C07 /* Assets.xcassets */; };
		526D65021D3E330900741C07 /* LaunchScreen.storyboard in Resources */ = {isa = PBXBuildFile; fileRef = 526D65001D3E330900741C07 /* LaunchScreen.storyboard */; };
		526D650A1D3E33A200741C07 /* TableViewController.swift in Sources */ = {isa = PBXBuildFile; fileRef = 526D65091D3E33A200741C07 /* TableViewController.swift */; };
/* End PBXBuildFile section */

/* Begin PBXFileReference section */
		526D64F41D3E330900741C07 /* NavOne.app */ = {isa = PBXFileReference; explicitFileType = wrapper.application; includeInIndex = 0; path = NavOne.app; sourceTree = BUILT_PRODUCTS_DIR; };
		526D64F71D3E330900741C07 /* AppDelegate.swift */ = {isa = PBXFileReference; lastKnownFileType = sourcecode.swift; path = AppDelegate.swift; sourceTree = "<group>"; };
		526D64F91D3E330900741C07 /* ViewController.swift */ = {isa = PBXFileReference; lastKnownFileType = sourcecode.swift; path = ViewController.swift; sourceTree = "<group>"; };
		526D64FC1D3E330900741C07 /* Base */ = {isa = PBXFileReference; lastKnownFileType = file.storyboard; name = Base; path = Base.lproj/Main.storyboard; sourceTree = "<group>"; };
		526D64FE1D3E330900741C07 /* Assets.xcassets */ = {isa = PBXFileReference; lastKnownFileType = folder.assetcatalog; path = Assets.xcassets; sourceTree = "<group>"; };
		526D65011D3E330900741C07 /* Base */ = {isa = PBXFileReference; lastKnownFileType = file.storyboard; name = Base; path = Base.lproj/LaunchScreen.storyboard; sourceTree = "<group>"; };
		526D65031D3E330900741C07 /* Info.plist */ = {isa = PBXFileReference; lastKnownFileType = text.plist.xml; path = Info.plist; sourceTree = "<group>"; };
		526D65091D3E33A200741C07 /* TableViewController.swift */ = {isa = PBXFileReference; fileEncoding = 4; lastKnownFileType = sourcecode.swift; path = TableViewController.swift; sourceTree = "<group>"; };
/* End PBXFileReference section */

/* Begin PBXFrameworksBuildPhase section */
		526D64F11D3E330900741C07 /* Frameworks */ = {
			isa = PBXFrameworksBuildPhase;
			buildActionMask = 2147483647;
			files = (
			);
			runOnlyForDeploymentPostprocessing = 0;
		};
/* End PBXFrameworksBuildPhase section */

/* Begin PBXGroup section */
		526D64EB1D3E330900741C07 = {
			isa = PBXGroup;
			children = (
				526D64F61D3E330900741C07 /* NavOne */,
				526D64F51D3E330900741C07 /* Products */,
			);
			sourceTree = "<group>";
		};
		526D64F51D3E330900741C07 /* Products */ = {
			isa = PBXGroup;
			children = (
				526D64F41D3E330900741C07 /* NavOne.app */,
			);
			name = Products;
			sourceTree = "<group>";
		};
		526D64F61D3E330900741C07 /* NavOne */ = {
			isa = PBXGroup;
			children = (
				526D64F71D3E330900741C07 /* AppDelegate.swift */,
				526D64F91D3E330900741C07 /* ViewController.swift */,
				526D64FB1D3E330900741C07 /* Main.storyboard */,
				526D64FE1D3E330900741C07 /* Assets.xcassets */,
				526D65001D3E330900741C07 /* LaunchScreen.storyboard */,
				526D65031D3E330900741C07 /* Info.plist */,
				526D65091D3E33A200741C07 /* TableViewController.swift */,
			);
			path = NavOne;
			sourceTree = "<group>";
		};
/* End PBXGroup section */

/* Begin PBXNativeTarget section */
		526D64F31D3E330900741C07 /* NavOne */ = {
			isa = PBXNativeTarget;
			buildConfigurationList = 526D65061D3E330900741C07 /* Build configuration list for PBXNativeTarget "NavOne" */;
			buildPhases = (
				526D64F01D3E330900741C07 /* Sources */,
				526D64F11D3E330900741C07 /* Frameworks */,
				526D64F21D3E330900741C07 /* Resources */,
			);
			buildRules = (
			);
			dependencies = (
			);
			name = NavOne;
			productName = NavOne;
			productReference = 526D64F41D3E330900741C07 /* NavOne.app */;
			productType = "com.apple.product-type.application";
		};
/* End PBXNativeTarget section */

/* Begin PBXProject section */
		526D64EC1D3E330900741C07 /* Project object */ = {
			isa = PBXProject;
			attributes = {
				LastSwiftUpdateCheck = 0730;
				LastUpgradeCheck = 0730;
				ORGANIZATIONNAME = PiTechnologies;
				TargetAttributes = {
					526D64F31D3E330900741C07 = {
						CreatedOnToolsVersion = 7.3;
					};
				};
			};
			buildConfigurationList = 526D64EF1D3E330900741C07 /* Build configuration list for PBXProject "NavOne" */;
			compatibilityVersion = "Xcode 3.2";
			developmentRegion = English;
			hasScannedForEncodings = 0;
			knownRegions = (
				en,
				Base,
			);
			mainGroup = 526D64EB1D3E330900741C07;
			productRefGroup = 526D64F51D3E330900741C07 /* Products */;
			projectDirPath = "";
			projectRoot = "";
			targets = (
				526D64F31D3E330900741C07 /* NavOne */,
			);
		};
/* End PBXProject section */

/* Begin PBXResourcesBuildPhase section */
		526D64F21D3E330900741C07 /* Resources */ = {
			isa = PBXResourcesBuildPhase;
			buildActionMask = 2147483647;
			files = (
				526D65021D3E330900741C07 /* LaunchScreen.storyboard in Resources */,
				526D64FF1D3E330900741C07 /* Assets.xcassets in Resources */,
				526D64FD1D3E330900741C07 /* Main.storyboard in Resources */,
			);
			runOnlyForDeploymentPostprocessing = 0;
		};
/* End PBXResourcesBuildPhase section */

/* Begin PBXSourcesBuildPhase section */
		526D64F01D3E330900741C07 /* Sources */ = {
			isa = PBXSourcesBuildPhase;
			buildActionMask = 2147483647;
			files = (
				526D64FA1D3E330900741C07 /* ViewController.swift in Sources */,
				526D650A1D3E33A200741C07 /* TableViewController.swift in Sources */,
				526D64F81D3E330900741C07 /* AppDelegate.swift in Sources */,
			);
			runOnlyForDeploymentPostprocessing = 0;
		};
/* End PBXSourcesBuildPhase section */

/* Begin PBXVariantGroup section */
		526D64FB1D3E330900741C07 /* Main.storyboard */ = {
			isa = PBXVariantGroup;
			children = (
				526D64FC1D3E330900741C07 /* Base */,
			);
			name = Main.storyboard;
			sourceTree = "<group>";
		};
		526D65001D3E330900741C07 /* LaunchScreen.storyboard */ = {
			isa = PBXVariantGroup;
			children = (
				526D65011D3E330900741C07 /* Base */,
			);
			name = LaunchScreen.storyboard;
			sourceTree = "<group>";
		};
/* End PBXVariantGroup section */

/* Begin XCBuildConfiguration section */
		526D65041D3E330900741C07 /* Debug */ = {
			isa = XCBuildConfiguration;
			buildSettings = {
				ALWAYS_SEARCH_USER_PATHS = NO;
				CLANG_ANALYZER_NONNULL = YES;
				CLANG_CXX_LANGUAGE_STANDARD = "gnu++0x";
				CLANG_CXX_LIBRARY = "libc++";
				CLANG_ENABLE_MODULES = YES;
				CLANG_ENABLE_OBJC_ARC = YES;
				CLANG_WARN_BOOL_CONVERSION = YES;
				CLANG_WARN_CONSTANT_CONVERSION = YES;
				CLANG_WARN_DIRECT_OBJC_ISA_USAGE = YES_ERROR;
				CLANG_WARN_EMPTY_BODY = YES;
				CLANG_WARN_ENUM_CONVERSION = YES;
				CLANG_WARN_INT_CONVERSION = YES;
				CLANG_WARN_OBJC_ROOT_CLASS = YES_ERROR;
				CLANG_WARN_UNREACHABLE_CODE = YES;
				CLANG_WARN__DUPLICATE_METHOD_MATCH = YES;
				"CODE_SIGN_IDENTITY[sdk=iphoneos*]" = "iPhone Developer";
				COPY_PHASE_STRIP = NO;
				DEBUG_INFORMATION_FORMAT = dwarf;
				ENABLE_STRICT_OBJC_MSGSEND = YES;
				ENABLE_TESTABILITY = YES;
				GCC_C_LANGUAGE_STANDARD = gnu99;
				GCC_DYNAMIC_NO_PIC = NO;
				GCC_NO_COMMON_BLOCKS = YES;
				GCC_OPTIMIZATION_LEVEL = 0;
				GCC_PREPROCESSOR_DEFINITIONS = (
					"DEBUG=1",
					"$(inherited)",
				);
				GCC_WARN_64_TO_32_BIT_CONVERSION = YES;
				GCC_WARN_ABOUT_RETURN_TYPE = YES_ERROR;
				GCC_WARN_UNDECLARED_SELECTOR = YES;
				GCC_WARN_UNINITIALIZED_AUTOS = YES_AGGRESSIVE;
				GCC_WARN_UNUSED_FUNCTION = YES;
				GCC_WARN_UNUSED_VARIABLE = YES;
				IPHONEOS_DEPLOYMENT_TARGET = 9.3;
				MTL_ENABLE_DEBUG_INFO = YES;
				ONLY_ACTIVE_ARCH = YES;
				SDKROOT = iphoneos;
				SWIFT_OPTIMIZATION_LEVEL = "-Onone";
			};
			name = Debug;
		};
		526D65051D3E330900741C07 /* Release */ = {
			isa = XCBuildConfiguration;
			buildSettings = {
				ALWAYS_SEARCH_USER_PATHS = NO;
				CLANG_ANALYZER_NONNULL = YES;
				CLANG_CXX_LANGUAGE_STANDARD = "gnu++0x";
				CLANG_CXX_LIBRARY = "libc++";
				CLANG_ENABLE_MODULES = YES;
				CLANG_ENABLE_OBJC_ARC = YES;
				CLANG_WARN_BOOL_CONVERSION = YES;
				CLANG_WARN_CONSTANT_CONVERSION = YES;
				CLANG_WARN_DIRECT_OBJC_ISA_USAGE = YES_ERROR;
				CLANG_WARN_EMPTY_BODY = YES;
				CLANG_WARN_ENUM_CONVERSION = YES;
				CLANG_WARN_INT_CONVERSION = YES;
				CLANG_WARN_OBJC_ROOT_CLASS = YES_ERROR;
				CLANG_WARN_UNREACHABLE_CODE = YES;
				CLANG_WARN__DUPLICATE_METHOD_MATCH = YES;
				"CODE_SIGN_IDENTITY[sdk=iphoneos*]" = "iPhone Developer";
				COPY_PHASE_STRIP = NO;
				DEBUG_INFORMATION_FORMAT = "dwarf-with-dsym";
				ENABLE_NS_ASSERTIONS = NO;
				ENABLE_STRICT_OBJC_MSGSEND = YES;
				GCC_C_LANGUAGE_STANDARD = gnu99;
				GCC_NO_COMMON_BLOCKS = YES;
				GCC_WARN_64_TO_32_BIT_CONVERSION = YES;
				GCC_WARN_ABOUT_RETURN_TYPE = YES_ERROR;
				GCC_WARN_UNDECLARED_SELECTOR = YES;
				GCC_WARN_UNINITIALIZED_AUTOS = YES_AGGRESSIVE;
				GCC_WARN_UNUSED_FUNCTION = YES;
				GCC_WARN_UNUSED_VARIABLE = YES;
				IPHONEOS_DEPLOYMENT_TARGET = 9.3;
				MTL_ENABLE_DEBUG_INFO = NO;
				SDKROOT = iphoneos;
				VALIDATE_PRODUCT = YES;
			};
			name = Release;
		};
		526D65071D3E330900741C07 /* Debug */ = {
			isa = XCBuildConfiguration;
			buildSettings = {
				ASSETCATALOG_COMPILER_APPICON_NAME = AppIcon;
				INFOPLIST_FILE = NavOne/Info.plist;
				LD_RUNPATH_SEARCH_PATHS = "$(inherited) @executable_path/Frameworks";
				PRODUCT_BUNDLE_IDENTIFIER = net.pitechnologies.NavOne;
				PRODUCT_NAME = "$(TARGET_NAME)";
			};
			name = Debug;
		};
		526D65081D3E330900741C07 /* Release */ = {
			isa = XCBuildConfiguration;
			buildSettings = {
				ASSETCATALOG_COMPILER_APPICON_NAME = AppIcon;
				INFOPLIST_FILE = NavOne/Info.plist;
				LD_RUNPATH_SEARCH_PATHS = "$(inherited) @executable_path/Frameworks";
				PRODUCT_BUNDLE_IDENTIFIER = net.pitechnologies.NavOne;
				PRODUCT_NAME = "$(TARGET_NAME)";
			};
			name = Release;
		};
/* End XCBuildConfiguration section */

/* Begin XCConfigurationList section */
		526D64EF1D3E330900741C07 /* Build configuration list for PBXProject "NavOne" */ = {
			isa = XCConfigurationList;
			buildConfigurations = (
				526D65041D3E330900741C07 /* Debug */,
				526D65051D3E330900741C07 /* Release */,
			);
			defaultConfigurationIsVisible = 0;
			defaultConfigurationName = Release;
		};
		526D65061D3E330900741C07 /* Build configuration list for PBXNativeTarget "NavOne" */ = {
			isa = XCConfigurationList;
			buildConfigurations = (
				526D65071D3E330900741C07 /* Debug */,
				526D65081D3E330900741C07 /* Release */,
			);
			defaultConfigurationIsVisible = 0;
		};
/* End XCConfigurationList section */
	};
	rootObject = 526D64EC1D3E330900741C07 /* Project object */;
}
